{"readable":{"vanity":"example.org/pkg/readable","url":"https://example.org/m.git","commit":"0123456789abcdef0123456789abcdef01234567","version":"1.0.0","requires":{}},"shared":{"vanity":"example.org/pkg/shared","url":"https://example.org/m.git","commit":"0123456789abcdef0123456789abcdef01234567","version":"1.0.0","requires":{}},"left":{"vanity":"example.org/pkg/left","url":"https://example.org/m.git","commit":"0123456789abcdef0123456789abcdef01234567","version":"1.0.0","requires":{}},"right":{"vanity":"example.org/pkg/right","url":"https://example.org/m.git","commit":"0123456789abcdef0123456789abcdef01234567","version":"1.0.0","requires":{}}}