{"kv":{"vanity":"bitlang.org/pkg/kv","dir":"pkg/kv","url":"https://github.com/byteink/bit.git","commit":"e226b95b834239d577cc67a44cab93305821166c","version":"0.2.1","tag":"kv/v0.2.1","requires":{}},"mysql":{"vanity":"bitlang.org/pkg/mysql","dir":"pkg/mysql","url":"https://github.com/byteink/bit.git","commit":"a4effed20f63446f38efcae849828002024a82b3","version":"0.3.0","tag":"mysql/v0.3.0","requires":{}},"orm":{"vanity":"bitlang.org/pkg/orm","dir":"pkg/orm","url":"https://github.com/byteink/bit.git","commit":"ef67863c76bd46208b1fce7b666ef979a7125a3c","version":"0.5.0","tag":"orm/v0.5.0","requires":{"postgres":"bitlang.org/pkg/postgres@0.2.0","mysql":"bitlang.org/pkg/mysql@0.3.0"}},"postgres":{"vanity":"bitlang.org/pkg/postgres","dir":"pkg/postgres","url":"https://github.com/byteink/bit.git","commit":"a4effed20f63446f38efcae849828002024a82b3","version":"0.2.0","tag":"postgres/v0.2.0","requires":{}},"redis":{"vanity":"bitlang.org/pkg/redis","dir":"pkg/redis","url":"https://github.com/byteink/bit.git","commit":"a4effed20f63446f38efcae849828002024a82b3","version":"0.5.0","tag":"redis/v0.5.0","requires":{}},"web":{"vanity":"bitlang.org/pkg/web","dir":"pkg/web","url":"https://github.com/byteink/bit.git","commit":"a4effed20f63446f38efcae849828002024a82b3","version":"0.11.0","tag":"web/v0.11.0","requires":{}}}