{"jobs":{"vanity":"bitlang.org/pkg/jobs","dir":"pkg/jobs","url":"https://github.com/byteink/bit.git","commit":"ef67863c76bd46208b1fce7b666ef979a7125a3c","version":"0.4.0","tag":"jobs/v0.4.0","requires":{"redis":"bitlang.org/pkg/redis@0.5.0"}},"redis":{"vanity":"bitlang.org/pkg/redis","dir":"pkg/redis","url":"https://github.com/byteink/bit.git","commit":"2b3da0ae7c8df96c4f5af1380d0160e291175655","version":"0.4.0","tag":"redis/v0.4.0","requires":{}}}