{"mysql":{"vanity":"bitlang.org/pkg/mysql","dir":"pkg/mysql","url":"https://github.com/byteink/bit.git","commit":"945fa57bcecbb5446737669d43fd8eae3b0f7caa","version":"0.1.1","tag":"mysql/v0.1.1","requires":{}},"postgres":{"vanity":"bitlang.org/pkg/postgres","dir":"pkg/postgres","url":"https://github.com/byteink/bit.git","commit":"945fa57bcecbb5446737669d43fd8eae3b0f7caa","version":"0.1.1","tag":"postgres/v0.1.1","requires":{}}}