{"mysql":{"vanity":"bitlang.org/pkg/mysql","dir":"pkg/mysql","url":"https://github.com/byteink/bit.git","commit":"a4effed20f63446f38efcae849828002024a82b3","version":"0.3.0","tag":"mysql/v0.3.0","requires":{}},"postgres":{"vanity":"bitlang.org/pkg/postgres","dir":"pkg/postgres","url":"https://github.com/byteink/bit.git","commit":"a4effed20f63446f38efcae849828002024a82b3","version":"0.2.0","tag":"postgres/v0.2.0","requires":{}}}