{"mysql":{"vanity":"bitlang.org/pkg/mysql","dir":"pkg/mysql","url":"https://github.com/byteink/bit.git","commit":"61f779e0e5adc8034e6ae4852cf5b3beeb4939f8","version":"0.2.2","tag":"mysql/v0.2.2","requires":{}},"postgres":{"vanity":"bitlang.org/pkg/postgres","dir":"pkg/postgres","url":"https://github.com/byteink/bit.git","commit":"61f779e0e5adc8034e6ae4852cf5b3beeb4939f8","version":"0.1.3","tag":"postgres/v0.1.3","requires":{}}}