{"auth":{"path":"../../../auth","requires":{"web":"bitlang.org/pkg/web@^0.9.0"}},"mysql":{"vanity":"bitlang.org/pkg/mysql","dir":"pkg/mysql","url":"https://github.com/byteink/bit.git","commit":"e1e6276563044632cd590155b1cfb31e94a2878f","version":"0.1.1","tag":"mysql/v0.1.1","requires":{}},"orm":{"path":"../../../orm","requires":{"postgres":"bitlang.org/pkg/postgres@0.1.1","mysql":"bitlang.org/pkg/mysql@0.1.1"}},"postgres":{"path":"../../../postgres","requires":{}},"web":{"path":"../..","requires":{}}}