{"auth":{"path":"../../../auth","requires":{"web":"bitlang.org/pkg/web@^0.8.0"}},"mysql":{"vanity":"bitlang.org/pkg/mysql","dir":"pkg/mysql","url":"https://github.com/byteink/bit.git","commit":"945fa57bcecbb5446737669d43fd8eae3b0f7caa","version":"0.1.1","tag":"mysql/v0.1.1","requires":{}},"orm":{"path":"../../../orm","requires":{"postgres":"bitlang.org/pkg/postgres@0.1.1","mysql":"bitlang.org/pkg/mysql@0.1.1"}},"postgres":{"path":"../../../postgres","requires":{}},"web":{"path":"../..","requires":{}}}